
Microsoft Visual Studio Solution File, Format Version 12.00
# Visual Studio Version 16
VisualStudioVersion = 16.0.29609.76
MinimumVisualStudioVersion = 10.0.40219.1
Project("{FAE04EC0-301F-11D3-BF4B-00C04F79EFBC}") = "BucketList.Android", "BucketList.Android\BucketList.Android.csproj", "{F5C489C7-620B-4C2A-8453-D92F39B96DC2}"
EndProject
Project("{FAE04EC0-301F-11D3-BF4B-00C04F79EFBC}") = "BucketList.iOS", "BucketList.iOS\BucketList.iOS.csproj", "{9B432FB4-FE60-407F-90A1-C9C2D5C99A0C}"
EndProject
Project("{FAE04EC0-301F-11D3-BF4B-00C04F79EFBC}") = "BucketList", "BucketList\BucketList.csproj", "{4769BD41-BC25-47FB-A4F2-186E7A02577C}"
EndProject
Global
	GlobalSection(SolutionConfigurationPlatforms) = preSolution
		Debug|Any CPU = Debug|Any CPU
		Debug|iPhone = Debug|iPhone
		Debug|iPhoneSimulator = Debug|iPhoneSimulator
		Release|Any CPU = Release|Any CPU
		Release|iPhone = Release|iPhone
		Release|iPhoneSimulator = Release|iPhoneSimulator
	EndGlobalSection
	GlobalSection(ProjectConfigurationPlatforms) = postSolution
		{F5C489C7-620B-4C2A-8453-D92F39B96DC2}.Debug|Any CPU.ActiveCfg = Debug|Any CPU
		{F5C489C7-620B-4C2A-8453-D92F39B96DC2}.Debug|Any CPU.Build.0 = Debug|Any CPU
		{F5C489C7-620B-4C2A-8453-D92F39B96DC2}.Debug|Any CPU.Deploy.0 = Debug|Any CPU
		{F5C489C7-620B-4C2A-8453-D92F39B96DC2}.Debug|iPhone.ActiveCfg = Debug|Any CPU
		{F5C489C7-620B-4C2A-8453-D92F39B96DC2}.Debug|iPhone.Build.0 = Debug|Any CPU
		{F5C489C7-620B-4C2A-8453-D92F39B96DC2}.Debug|iPhone.Deploy.0 = Debug|Any CPU
		{F5C489C7-620B-4C2A-8453-D92F39B96DC2}.Debug|iPhoneSimulator.ActiveCfg = Debug|Any CPU
		{F5C489C7-620B-4C2A-8453-D92F39B96DC2}.Debug|iPhoneSimulator.Build.0 = Debug|Any CPU
		{F5C489C7-620B-4C2A-8453-D92F39B96DC2}.Debug|iPhoneSimulator.Deploy.0 = Debug|Any CPU
		{F5C489C7-620B-4C2A-8453-D92F39B96DC2}.Release|Any CPU.ActiveCfg = Release|Any CPU
		{F5C489C7-620B-4C2A-8453-D92F39B96DC2}.Release|Any CPU.Build.0 = Release|Any CPU
		{F5C489C7-620B-4C2A-8453-D92F39B96DC2}.Release|Any CPU.Deploy.0 = Release|Any CPU
		{F5C489C7-620B-4C2A-8453-D92F39B96DC2}.Release|iPhone.ActiveCfg = Release|Any CPU
		{F5C489C7-620B-4C2A-8453-D92F39B96DC2}.Release|iPhone.Build.0 = Release|Any CPU
		{F5C489C7-620B-4C2A-8453-D92F39B96DC2}.Release|iPhone.Deploy.0 = Release|Any CPU
		{F5C489C7-620B-4C2A-8453-D92F39B96DC2}.Release|iPhoneSimulator.ActiveCfg = Release|Any CPU
		{F5C489C7-620B-4C2A-8453-D92F39B96DC2}.Release|iPhoneSimulator.Build.0 = Release|Any CPU
		{F5C489C7-620B-4C2A-8453-D92F39B96DC2}.Release|iPhoneSimulator.Deploy.0 = Release|Any CPU
		{9B432FB4-FE60-407F-90A1-C9C2D5C99A0C}.Debug|Any CPU.ActiveCfg = Debug|iPhoneSimulator
		{9B432FB4-FE60-407F-90A1-C9C2D5C99A0C}.Debug|Any CPU.Build.0 = Debug|iPhoneSimulator
		{9B432FB4-FE60-407F-90A1-C9C2D5C99A0C}.Debug|Any CPU.Deploy.0 = Debug|iPhoneSimulator
		{9B432FB4-FE60-407F-90A1-C9C2D5C99A0C}.Debug|iPhone.ActiveCfg = Debug|iPhone
		{9B432FB4-FE60-407F-90A1-C9C2D5C99A0C}.Debug|iPhone.Build.0 = Debug|iPhone
		{9B432FB4-FE60-407F-90A1-C9C2D5C99A0C}.Debug|iPhone.Deploy.0 = Debug|iPhone
		{9B432FB4-FE60-407F-90A1-C9C2D5C99A0C}.Debug|iPhoneSimulator.ActiveCfg = Debug|iPhoneSimulator
		{9B432FB4-FE60-407F-90A1-C9C2D5C99A0C}.Debug|iPhoneSimulator.Build.0 = Debug|iPhoneSimulator
		{9B432FB4-FE60-407F-90A1-C9C2D5C99A0C}.Debug|iPhoneSimulator.Deploy.0 = Debug|iPhoneSimulator
		{9B432FB4-FE60-407F-90A1-C9C2D5C99A0C}.Release|Any CPU.ActiveCfg = Release|iPhone
		{9B432FB4-FE60-407F-90A1-C9C2D5C99A0C}.Release|Any CPU.Build.0 = Release|iPhone
		{9B432FB4-FE60-407F-90A1-C9C2D5C99A0C}.Release|Any CPU.Deploy.0 = Release|iPhone
		{9B432FB4-FE60-407F-90A1-C9C2D5C99A0C}.Release|iPhone.ActiveCfg = Release|iPhone
		{9B432FB4-FE60-407F-90A1-C9C2D5C99A0C}.Release|iPhone.Build.0 = Release|iPhone
		{9B432FB4-FE60-407F-90A1-C9C2D5C99A0C}.Release|iPhone.Deploy.0 = Release|iPhone
		{9B432FB4-FE60-407F-90A1-C9C2D5C99A0C}.Release|iPhoneSimulator.ActiveCfg = Release|iPhoneSimulator
		{9B432FB4-FE60-407F-90A1-C9C2D5C99A0C}.Release|iPhoneSimulator.Build.0 = Release|iPhoneSimulator
		{9B432FB4-FE60-407F-90A1-C9C2D5C99A0C}.Release|iPhoneSimulator.Deploy.0 = Release|iPhoneSimulator
		{4769BD41-BC25-47FB-A4F2-186E7A02577C}.Debug|Any CPU.ActiveCfg = Debug|Any CPU
		{4769BD41-BC25-47FB-A4F2-186E7A02577C}.Debug|Any CPU.Build.0 = Debug|Any CPU
		{4769BD41-BC25-47FB-A4F2-186E7A02577C}.Debug|Any CPU.Deploy.0 = Debug|Any CPU
		{4769BD41-BC25-47FB-A4F2-186E7A02577C}.Debug|iPhone.ActiveCfg = Debug|Any CPU
		{4769BD41-BC25-47FB-A4F2-186E7A02577C}.Debug|iPhone.Build.0 = Debug|Any CPU
		{4769BD41-BC25-47FB-A4F2-186E7A02577C}.Debug|iPhone.Deploy.0 = Debug|Any CPU
		{4769BD41-BC25-47FB-A4F2-186E7A02577C}.Debug|iPhoneSimulator.ActiveCfg = Debug|Any CPU
		{4769BD41-BC25-47FB-A4F2-186E7A02577C}.Debug|iPhoneSimulator.Build.0 = Debug|Any CPU
		{4769BD41-BC25-47FB-A4F2-186E7A02577C}.Debug|iPhoneSimulator.Deploy.0 = Debug|Any CPU
		{4769BD41-BC25-47FB-A4F2-186E7A02577C}.Release|Any CPU.ActiveCfg = Release|Any CPU
		{4769BD41-BC25-47FB-A4F2-186E7A02577C}.Release|Any CPU.Build.0 = Release|Any CPU
		{4769BD41-BC25-47FB-A4F2-186E7A02577C}.Release|Any CPU.Deploy.0 = Release|Any CPU
		{4769BD41-BC25-47FB-A4F2-186E7A02577C}.Release|iPhone.ActiveCfg = Release|Any CPU
		{4769BD41-BC25-47FB-A4F2-186E7A02577C}.Release|iPhone.Build.0 = Release|Any CPU
		{4769BD41-BC25-47FB-A4F2-186E7A02577C}.Release|iPhone.Deploy.0 = Release|Any CPU
		{4769BD41-BC25-47FB-A4F2-186E7A02577C}.Release|iPhoneSimulator.ActiveCfg = Release|Any CPU
		{4769BD41-BC25-47FB-A4F2-186E7A02577C}.Release|iPhoneSimulator.Build.0 = Release|Any CPU
		{4769BD41-BC25-47FB-A4F2-186E7A02577C}.Release|iPhoneSimulator.Deploy.0 = Release|Any CPU
	EndGlobalSection
	GlobalSection(SolutionProperties) = preSolution
		HideSolutionNode = FALSE
	EndGlobalSection
	GlobalSection(ExtensibilityGlobals) = postSolution
		SolutionGuid = {F29EF4AD-4727-488D-819B-2F22B7969260}
	EndGlobalSection
EndGlobal
